{
  "name": "mat-site",
  "version": "0.0.0",
  "dependencies": {
    "send": {
      "version": "0.1.0",
      "dependencies": {
        "debug": {
          "version": "0.7.0"
        },
        "mime": {
          "version": "1.2.6"
        },
        "fresh": {
          "version": "0.1.0"
        },
        "range-parser": {
          "version": "0.0.4"
        }
      }
    }
  }
}
